
Microsoft Visual Studio Solution File, Format Version 12.00
# Visual Studio Version 16
VisualStudioVersion = 16.0.28803.916
MinimumVisualStudioVersion = 10.0.40219.1
Project("{FAE04EC0-301F-11D3-BF4B-00C04F79EFBC}") = "mediaJesher", "mediaJesher\mediaJesher.csproj", "{B7990B8A-0678-4123-B442-C7AAD99B32FC}"
EndProject
Global
	GlobalSection(SolutionConfigurationPlatforms) = preSolution
		Debug|Any CPU = Debug|Any CPU
		Release|Any CPU = Release|Any CPU
	EndGlobalSection
	GlobalSection(ProjectConfigurationPlatforms) = postSolution
		{B7990B8A-0678-4123-B442-C7AAD99B32FC}.Debug|Any CPU.ActiveCfg = Debug|Any CPU
		{B7990B8A-0678-4123-B442-C7AAD99B32FC}.Debug|Any CPU.Build.0 = Debug|Any CPU
		{B7990B8A-0678-4123-B442-C7AAD99B32FC}.Release|Any CPU.ActiveCfg = Release|Any CPU
		{B7990B8A-0678-4123-B442-C7AAD99B32FC}.Release|Any CPU.Build.0 = Release|Any CPU
	EndGlobalSection
	GlobalSection(SolutionProperties) = preSolution
		HideSolutionNode = FALSE
	EndGlobalSection
	GlobalSection(ExtensibilityGlobals) = postSolution
		SolutionGuid = {29CBF6D8-707F-476A-827B-4CD1EB3E4702}
	EndGlobalSection
EndGlobal
