
Microsoft Visual Studio Solution File, Format Version 12.00
# Visual Studio Version 16
VisualStudioVersion = 16.0.31129.286
MinimumVisualStudioVersion = 10.0.40219.1
Project("{FAE04EC0-301F-11D3-BF4B-00C04F79EFBC}") = "Projeto Jesher", "Projeto Jesher\Projeto Jesher.csproj", "{01E8F700-898B-40B6-A653-433A3A0FA22B}"
EndProject
Global
	GlobalSection(SolutionConfigurationPlatforms) = preSolution
		Debug|Any CPU = Debug|Any CPU
		Release|Any CPU = Release|Any CPU
	EndGlobalSection
	GlobalSection(ProjectConfigurationPlatforms) = postSolution
		{01E8F700-898B-40B6-A653-433A3A0FA22B}.Debug|Any CPU.ActiveCfg = Debug|Any CPU
		{01E8F700-898B-40B6-A653-433A3A0FA22B}.Debug|Any CPU.Build.0 = Debug|Any CPU
		{01E8F700-898B-40B6-A653-433A3A0FA22B}.Release|Any CPU.ActiveCfg = Release|Any CPU
		{01E8F700-898B-40B6-A653-433A3A0FA22B}.Release|Any CPU.Build.0 = Release|Any CPU
	EndGlobalSection
	GlobalSection(SolutionProperties) = preSolution
		HideSolutionNode = FALSE
	EndGlobalSection
	GlobalSection(ExtensibilityGlobals) = postSolution
		SolutionGuid = {85AC99D6-5666-4B20-AAB1-C9764C3652EB}
	EndGlobalSection
EndGlobal
